// !$*UTF8*$!
{
	archiveVersion = 1;
	classes = {
	};
	objectVersion = 56;
	objects = {

/* Begin PBXBuildFile section */
		81A629832ABADF5200BBB93F /* Assets.swift in Sources */ = {isa = PBXBuildFile; fileRef = 81A629822ABADF5200BBB93F /* Assets.swift */; };
		81A629852ABAE3B900BBB93F /* Colors.xcassets in Resources */ = {isa = PBXBuildFile; fileRef = 81A629842ABAE3B900BBB93F /* Colors.xcassets */; };
		81E87FA32AB9E2CE0013624A /* AppDelegate.swift in Sources */ = {isa = PBXBuildFile; fileRef = 81E87FA22AB9E2CE0013624A /* AppDelegate.swift */; };
		81E87FA52AB9E2CE0013624A /* SceneDelegate.swift in Sources */ = {isa = PBXBuildFile; fileRef = 81E87FA42AB9E2CE0013624A /* SceneDelegate.swift */; };
		81E87FA72AB9E2CE0013624A /* ViewController.swift in Sources */ = {isa = PBXBuildFile; fileRef = 81E87FA62AB9E2CE0013624A /* ViewController.swift */; };
		81E87FAC2AB9E2CF0013624A /* Assets.xcassets in Resources */ = {isa = PBXBuildFile; fileRef = 81E87FAB2AB9E2CF0013624A /* Assets.xcassets */; };
		81E87FAF2AB9E2CF0013624A /* LaunchScreen.storyboard in Resources */ = {isa = PBXBuildFile; fileRef = 81E87FAD2AB9E2CF0013624A /* LaunchScreen.storyboard */; };
		EBE5DA70E8522F41FFCCA30E /* Pods_SwiftGen_Training.framework in Frameworks */ = {isa = PBXBuildFile; fileRef = 76B27CD50771B8CCB22AD6AC /* Pods_SwiftGen_Training.framework */; };
/* End PBXBuildFile section */

/* Begin PBXFileReference section */
		76B27CD50771B8CCB22AD6AC /* Pods_SwiftGen_Training.framework */ = {isa = PBXFileReference; explicitFileType = wrapper.framework; includeInIndex = 0; path = Pods_SwiftGen_Training.framework; sourceTree = BUILT_PRODUCTS_DIR; };
		81A6297E2ABADDD100BBB93F /* swiftgen.yml */ = {isa = PBXFileReference; lastKnownFileType = text.yaml; path = swiftgen.yml; sourceTree = "<group>"; };
		81A629822ABADF5200BBB93F /* Assets.swift */ = {isa = PBXFileReference; fileEncoding = 4; lastKnownFileType = sourcecode.swift; path = Assets.swift; sourceTree = "<group>"; };
		81A629842ABAE3B900BBB93F /* Colors.xcassets */ = {isa = PBXFileReference; lastKnownFileType = folder.assetcatalog; path = Colors.xcassets; sourceTree = "<group>"; };
		81E87F9F2AB9E2CE0013624A /* SwiftGen Training.app */ = {isa = PBXFileReference; explicitFileType = wrapper.application; includeInIndex = 0; path = "SwiftGen Training.app"; sourceTree = BUILT_PRODUCTS_DIR; };
		81E87FA22AB9E2CE0013624A /* AppDelegate.swift */ = {isa = PBXFileReference; lastKnownFileType = sourcecode.swift; path = AppDelegate.swift; sourceTree = "<group>"; };
		81E87FA42AB9E2CE0013624A /* SceneDelegate.swift */ = {isa = PBXFileReference; lastKnownFileType = sourcecode.swift; path = SceneDelegate.swift; sourceTree = "<group>"; };
		81E87FA62AB9E2CE0013624A /* ViewController.swift */ = {isa = PBXFileReference; lastKnownFileType = sourcecode.swift; path = ViewController.swift; sourceTree = "<group>"; };
		81E87FAB2AB9E2CF0013624A /* Assets.xcassets */ = {isa = PBXFileReference; lastKnownFileType = folder.assetcatalog; path = Assets.xcassets; sourceTree = "<group>"; };
		81E87FAE2AB9E2CF0013624A /* Base */ = {isa = PBXFileReference; lastKnownFileType = file.storyboard; name = Base; path = Base.lproj/LaunchScreen.storyboard; sourceTree = "<group>"; };
		81E87FB02AB9E2CF0013624A /* Info.plist */ = {isa = PBXFileReference; lastKnownFileType = text.plist.xml; path = Info.plist; sourceTree = "<group>"; };
		88657B215AAB952A572C7BFE /* Pods-SwiftGen Training.release.xcconfig */ = {isa = PBXFileReference; includeInIndex = 1; lastKnownFileType = text.xcconfig; name = "Pods-SwiftGen Training.release.xcconfig"; path = "Target Support Files/Pods-SwiftGen Training/Pods-SwiftGen Training.release.xcconfig"; sourceTree = "<group>"; };
		E8C2EDF39B99F100E26D6B30 /* Pods-SwiftGen Training.debug.xcconfig */ = {isa = PBXFileReference; includeInIndex = 1; lastKnownFileType = text.xcconfig; name = "Pods-SwiftGen Training.debug.xcconfig"; path = "Target Support Files/Pods-SwiftGen Training/Pods-SwiftGen Training.debug.xcconfig"; sourceTree = "<group>"; };
/* End PBXFileReference section */

/* Begin PBXFrameworksBuildPhase section */
		81E87F9C2AB9E2CE0013624A /* Frameworks */ = {
			isa = PBXFrameworksBuildPhase;
			buildActionMask = 2147483647;
			files = (
				EBE5DA70E8522F41FFCCA30E /* Pods_SwiftGen_Training.framework in Frameworks */,
			);
			runOnlyForDeploymentPostprocessing = 0;
		};
/* End PBXFrameworksBuildPhase section */

/* Begin PBXGroup section */
		040E5BFFBCCCE877FA06A6DC /* Frameworks */ = {
			isa = PBXGroup;
			children = (
				76B27CD50771B8CCB22AD6AC /* Pods_SwiftGen_Training.framework */,
			);
			name = Frameworks;
			sourceTree = "<group>";
		};
		60C3BBC64397C3A64DC2F4D1 /* Pods */ = {
			isa = PBXGroup;
			children = (
				E8C2EDF39B99F100E26D6B30 /* Pods-SwiftGen Training.debug.xcconfig */,
				88657B215AAB952A572C7BFE /* Pods-SwiftGen Training.release.xcconfig */,
			);
			path = Pods;
			sourceTree = "<group>";
		};
		81A6297F2ABADE1400BBB93F /* SwiftGen */ = {
			isa = PBXGroup;
			children = (
				81A629822ABADF5200BBB93F /* Assets.swift */,
			);
			path = SwiftGen;
			sourceTree = "<group>";
		};
		81E87F962AB9E2CE0013624A = {
			isa = PBXGroup;
			children = (
				81A6297E2ABADDD100BBB93F /* swiftgen.yml */,
				81E87FA12AB9E2CE0013624A /* SwiftGen Training */,
				81E87FA02AB9E2CE0013624A /* Products */,
				60C3BBC64397C3A64DC2F4D1 /* Pods */,
				040E5BFFBCCCE877FA06A6DC /* Frameworks */,
			);
			sourceTree = "<group>";
		};
		81E87FA02AB9E2CE0013624A /* Products */ = {
			isa = PBXGroup;
			children = (
				81E87F9F2AB9E2CE0013624A /* SwiftGen Training.app */,
			);
			name = Products;
			sourceTree = "<group>";
		};
		81E87FA12AB9E2CE0013624A /* SwiftGen Training */ = {
			isa = PBXGroup;
			children = (
				81A6297F2ABADE1400BBB93F /* SwiftGen */,
				81E87FA22AB9E2CE0013624A /* AppDelegate.swift */,
				81E87FA42AB9E2CE0013624A /* SceneDelegate.swift */,
				81E87FA62AB9E2CE0013624A /* ViewController.swift */,
				81E87FAB2AB9E2CF0013624A /* Assets.xcassets */,
				81A629842ABAE3B900BBB93F /* Colors.xcassets */,
				81E87FAD2AB9E2CF0013624A /* LaunchScreen.storyboard */,
				81E87FB02AB9E2CF0013624A /* Info.plist */,
			);
			path = "SwiftGen Training";
			sourceTree = "<group>";
		};
/* End PBXGroup section */

/* Begin PBXNativeTarget section */
		81E87F9E2AB9E2CE0013624A /* SwiftGen Training */ = {
			isa = PBXNativeTarget;
			buildConfigurationList = 81E87FB32AB9E2CF0013624A /* Build configuration list for PBXNativeTarget "SwiftGen Training" */;
			buildPhases = (
				2810A9E40B9BC2A4428731A1 /* [CP] Check Pods Manifest.lock */,
				81A6297D2ABADD8A00BBB93F /* SwiftGen */,
				81E87F9B2AB9E2CE0013624A /* Sources */,
				81E87F9C2AB9E2CE0013624A /* Frameworks */,
				81E87F9D2AB9E2CE0013624A /* Resources */,
			);
			buildRules = (
			);
			dependencies = (
			);
			name = "SwiftGen Training";
			productName = "SwiftGen Training";
			productReference = 81E87F9F2AB9E2CE0013624A /* SwiftGen Training.app */;
			productType = "com.apple.product-type.application";
		};
/* End PBXNativeTarget section */

/* Begin PBXProject section */
		81E87F972AB9E2CE0013624A /* Project object */ = {
			isa = PBXProject;
			attributes = {
				BuildIndependentTargetsInParallel = 1;
				LastSwiftUpdateCheck = 1420;
				LastUpgradeCheck = 1420;
				TargetAttributes = {
					81E87F9E2AB9E2CE0013624A = {
						CreatedOnToolsVersion = 14.2;
					};
				};
			};
			buildConfigurationList = 81E87F9A2AB9E2CE0013624A /* Build configuration list for PBXProject "SwiftGen Training" */;
			compatibilityVersion = "Xcode 14.0";
			developmentRegion = en;
			hasScannedForEncodings = 0;
			knownRegions = (
				en,
				Base,
			);
			mainGroup = 81E87F962AB9E2CE0013624A;
			productRefGroup = 81E87FA02AB9E2CE0013624A /* Products */;
			projectDirPath = "";
			projectRoot = "";
			targets = (
				81E87F9E2AB9E2CE0013624A /* SwiftGen Training */,
			);
		};
/* End PBXProject section */

/* Begin PBXResourcesBuildPhase section */
		81E87F9D2AB9E2CE0013624A /* Resources */ = {
			isa = PBXResourcesBuildPhase;
			buildActionMask = 2147483647;
			files = (
				81A629852ABAE3B900BBB93F /* Colors.xcassets in Resources */,
				81E87FAF2AB9E2CF0013624A /* LaunchScreen.storyboard in Resources */,
				81E87FAC2AB9E2CF0013624A /* Assets.xcassets in Resources */,
			);
			runOnlyForDeploymentPostprocessing = 0;
		};
/* End PBXResourcesBuildPhase section */

/* Begin PBXShellScriptBuildPhase section */
		2810A9E40B9BC2A4428731A1 /* [CP] Check Pods Manifest.lock */ = {
			isa = PBXShellScriptBuildPhase;
			buildActionMask = 2147483647;
			files = (
			);
			inputFileListPaths = (
			);
			inputPaths = (
				"${PODS_PODFILE_DIR_PATH}/Podfile.lock",
				"${PODS_ROOT}/Manifest.lock",
			);
			name = "[CP] Check Pods Manifest.lock";
			outputFileListPaths = (
			);
			outputPaths = (
				"$(DERIVED_FILE_DIR)/Pods-SwiftGen Training-checkManifestLockResult.txt",
			);
			runOnlyForDeploymentPostprocessing = 0;
			shellPath = /bin/sh;
			shellScript = "diff \"${PODS_PODFILE_DIR_PATH}/Podfile.lock\" \"${PODS_ROOT}/Manifest.lock\" > /dev/null\nif [ $? != 0 ] ; then\n    # print error to STDERR\n    echo \"error: The sandbox is not in sync with the Podfile.lock. Run 'pod install' or update your CocoaPods installation.\" >&2\n    exit 1\nfi\n# This output is used by Xcode 'outputs' to avoid re-running this script phase.\necho \"SUCCESS\" > \"${SCRIPT_OUTPUT_FILE_0}\"\n";
			showEnvVarsInLog = 0;
		};
		81A6297D2ABADD8A00BBB93F /* SwiftGen */ = {
			isa = PBXShellScriptBuildPhase;
			buildActionMask = 2147483647;
			files = (
			);
			inputFileListPaths = (
			);
			inputPaths = (
			);
			name = SwiftGen;
			outputFileListPaths = (
			);
			outputPaths = (
			);
			runOnlyForDeploymentPostprocessing = 0;
			shellPath = /bin/sh;
			shellScript = "Pods/SwiftGen/bin/swiftgen\n";
		};
/* End PBXShellScriptBuildPhase section */

/* Begin PBXSourcesBuildPhase section */
		81E87F9B2AB9E2CE0013624A /* Sources */ = {
			isa = PBXSourcesBuildPhase;
			buildActionMask = 2147483647;
			files = (
				81E87FA72AB9E2CE0013624A /* ViewController.swift in Sources */,
				81E87FA32AB9E2CE0013624A /* AppDelegate.swift in Sources */,
				81A629832ABADF5200BBB93F /* Assets.swift in Sources */,
				81E87FA52AB9E2CE0013624A /* SceneDelegate.swift in Sources */,
			);
			runOnlyForDeploymentPostprocessing = 0;
		};
/* End PBXSourcesBuildPhase section */

/* Begin PBXVariantGroup section */
		81E87FAD2AB9E2CF0013624A /* LaunchScreen.storyboard */ = {
			isa = PBXVariantGroup;
			children = (
				81E87FAE2AB9E2CF0013624A /* Base */,
			);
			name = LaunchScreen.storyboard;
			sourceTree = "<group>";
		};
/* End PBXVariantGroup section */

/* Begin XCBuildConfiguration section */
		81E87FB12AB9E2CF0013624A /* Debug */ = {
			isa = XCBuildConfiguration;
			buildSettings = {
				ALWAYS_SEARCH_USER_PATHS = NO;
				CLANG_ANALYZER_NONNULL = YES;
				CLANG_ANALYZER_NUMBER_OBJECT_CONVERSION = YES_AGGRESSIVE;
				CLANG_CXX_LANGUAGE_STANDARD = "gnu++20";
				CLANG_ENABLE_MODULES = YES;
				CLANG_ENABLE_OBJC_ARC = YES;
				CLANG_ENABLE_OBJC_WEAK = YES;
				CLANG_WARN_BLOCK_CAPTURE_AUTORELEASING = YES;
				CLANG_WARN_BOOL_CONVERSION = YES;
				CLANG_WARN_COMMA = YES;
				CLANG_WARN_CONSTANT_CONVERSION = YES;
				CLANG_WARN_DEPRECATED_OBJC_IMPLEMENTATIONS = YES;
				CLANG_WARN_DIRECT_OBJC_ISA_USAGE = YES_ERROR;
				CLANG_WARN_DOCUMENTATION_COMMENTS = YES;
				CLANG_WARN_EMPTY_BODY = YES;
				CLANG_WARN_ENUM_CONVERSION = YES;
				CLANG_WARN_INFINITE_RECURSION = YES;
				CLANG_WARN_INT_CONVERSION = YES;
				CLANG_WARN_NON_LITERAL_NULL_CONVERSION = YES;
				CLANG_WARN_OBJC_IMPLICIT_RETAIN_SELF = YES;
				CLANG_WARN_OBJC_LITERAL_CONVERSION = YES;
				CLANG_WARN_OBJC_ROOT_CLASS = YES_ERROR;
				CLANG_WARN_QUOTED_INCLUDE_IN_FRAMEWORK_HEADER = YES;
				CLANG_WARN_RANGE_LOOP_ANALYSIS = YES;
				CLANG_WARN_STRICT_PROTOTYPES = YES;
				CLANG_WARN_SUSPICIOUS_MOVE = YES;
				CLANG_WARN_UNGUARDED_AVAILABILITY = YES_AGGRESSIVE;
				CLANG_WARN_UNREACHABLE_CODE = YES;
				CLANG_WARN__DUPLICATE_METHOD_MATCH = YES;
				COPY_PHASE_STRIP = NO;
				DEBUG_INFORMATION_FORMAT = dwarf;
				ENABLE_STRICT_OBJC_MSGSEND = YES;
				ENABLE_TESTABILITY = YES;
				GCC_C_LANGUAGE_STANDARD = gnu11;
				GCC_DYNAMIC_NO_PIC = NO;
				GCC_NO_COMMON_BLOCKS = YES;
				GCC_OPTIMIZATION_LEVEL = 0;
				GCC_PREPROCESSOR_DEFINITIONS = (
					"DEBUG=1",
					"$(inherited)",
				);
				GCC_WARN_64_TO_32_BIT_CONVERSION = YES;
				GCC_WARN_ABOUT_RETURN_TYPE = YES_ERROR;
				GCC_WARN_UNDECLARED_SELECTOR = YES;
				GCC_WARN_UNINITIALIZED_AUTOS = YES_AGGRESSIVE;
				GCC_WARN_UNUSED_FUNCTION = YES;
				GCC_WARN_UNUSED_VARIABLE = YES;
				IPHONEOS_DEPLOYMENT_TARGET = 16.2;
				MTL_ENABLE_DEBUG_INFO = INCLUDE_SOURCE;
				MTL_FAST_MATH = YES;
				ONLY_ACTIVE_ARCH = YES;
				SDKROOT = iphoneos;
				SWIFT_ACTIVE_COMPILATION_CONDITIONS = DEBUG;
				SWIFT_OPTIMIZATION_LEVEL = "-Onone";
			};
			name = Debug;
		};
		81E87FB22AB9E2CF0013624A /* Release */ = {
			isa = XCBuildConfiguration;
			buildSettings = {
				ALWAYS_SEARCH_USER_PATHS = NO;
				CLANG_ANALYZER_NONNULL = YES;
				CLANG_ANALYZER_NUMBER_OBJECT_CONVERSION = YES_AGGRESSIVE;
				CLANG_CXX_LANGUAGE_STANDARD = "gnu++20";
				CLANG_ENABLE_MODULES = YES;
				CLANG_ENABLE_OBJC_ARC = YES;
				CLANG_ENABLE_OBJC_WEAK = YES;
				CLANG_WARN_BLOCK_CAPTURE_AUTORELEASING = YES;
				CLANG_WARN_BOOL_CONVERSION = YES;
				CLANG_WARN_COMMA = YES;
				CLANG_WARN_CONSTANT_CONVERSION = YES;
				CLANG_WARN_DEPRECATED_OBJC_IMPLEMENTATIONS = YES;
				CLANG_WARN_DIRECT_OBJC_ISA_USAGE = YES_ERROR;
				CLANG_WARN_DOCUMENTATION_COMMENTS = YES;
				CLANG_WARN_EMPTY_BODY = YES;
				CLANG_WARN_ENUM_CONVERSION = YES;
				CLANG_WARN_INFINITE_RECURSION = YES;
				CLANG_WARN_INT_CONVERSION = YES;
				CLANG_WARN_NON_LITERAL_NULL_CONVERSION = YES;
				CLANG_WARN_OBJC_IMPLICIT_RETAIN_SELF = YES;
				CLANG_WARN_OBJC_LITERAL_CONVERSION = YES;
				CLANG_WARN_OBJC_ROOT_CLASS = YES_ERROR;
				CLANG_WARN_QUOTED_INCLUDE_IN_FRAMEWORK_HEADER = YES;
				CLANG_WARN_RANGE_LOOP_ANALYSIS = YES;
				CLANG_WARN_STRICT_PROTOTYPES = YES;
				CLANG_WARN_SUSPICIOUS_MOVE = YES;
				CLANG_WARN_UNGUARDED_AVAILABILITY = YES_AGGRESSIVE;
				CLANG_WARN_UNREACHABLE_CODE = YES;
				CLANG_WARN__DUPLICATE_METHOD_MATCH = YES;
				COPY_PHASE_STRIP = NO;
				DEBUG_INFORMATION_FORMAT = "dwarf-with-dsym";
				ENABLE_NS_ASSERTIONS = NO;
				ENABLE_STRICT_OBJC_MSGSEND = YES;
				GCC_C_LANGUAGE_STANDARD = gnu11;
				GCC_NO_COMMON_BLOCKS = YES;
				GCC_WARN_64_TO_32_BIT_CONVERSION = YES;
				GCC_WARN_ABOUT_RETURN_TYPE = YES_ERROR;
				GCC_WARN_UNDECLARED_SELECTOR = YES;
				GCC_WARN_UNINITIALIZED_AUTOS = YES_AGGRESSIVE;
				GCC_WARN_UNUSED_FUNCTION = YES;
				GCC_WARN_UNUSED_VARIABLE = YES;
				IPHONEOS_DEPLOYMENT_TARGET = 16.2;
				MTL_ENABLE_DEBUG_INFO = NO;
				MTL_FAST_MATH = YES;
				SDKROOT = iphoneos;
				SWIFT_COMPILATION_MODE = wholemodule;
				SWIFT_OPTIMIZATION_LEVEL = "-O";
				VALIDATE_PRODUCT = YES;
			};
			name = Release;
		};
		81E87FB42AB9E2CF0013624A /* Debug */ = {
			isa = XCBuildConfiguration;
			baseConfigurationReference = E8C2EDF39B99F100E26D6B30 /* Pods-SwiftGen Training.debug.xcconfig */;
			buildSettings = {
				ASSETCATALOG_COMPILER_APPICON_NAME = AppIcon;
				ASSETCATALOG_COMPILER_GLOBAL_ACCENT_COLOR_NAME = AccentColor;
				CODE_SIGN_STYLE = Automatic;
				CURRENT_PROJECT_VERSION = 1;
				DEVELOPMENT_TEAM = NDWW33V3F9;
				GENERATE_INFOPLIST_FILE = YES;
				INFOPLIST_FILE = "SwiftGen Training/Info.plist";
				INFOPLIST_KEY_UIApplicationSupportsIndirectInputEvents = YES;
				INFOPLIST_KEY_UILaunchStoryboardName = LaunchScreen;
				INFOPLIST_KEY_UISupportedInterfaceOrientations_iPad = "UIInterfaceOrientationPortrait UIInterfaceOrientationPortraitUpsideDown UIInterfaceOrientationLandscapeLeft UIInterfaceOrientationLandscapeRight";
				INFOPLIST_KEY_UISupportedInterfaceOrientations_iPhone = "UIInterfaceOrientationPortrait UIInterfaceOrientationLandscapeLeft UIInterfaceOrientationLandscapeRight";
				LD_RUNPATH_SEARCH_PATHS = (
					"$(inherited)",
					"@executable_path/Frameworks",
				);
				MARKETING_VERSION = 1.0;
				PRODUCT_BUNDLE_IDENTIFIER = "Tyshkan4ik.SwiftGen-Training";
				PRODUCT_NAME = "$(TARGET_NAME)";
				SWIFT_EMIT_LOC_STRINGS = YES;
				SWIFT_VERSION = 5.0;
				TARGETED_DEVICE_FAMILY = "1,2";
			};
			name = Debug;
		};
		81E87FB52AB9E2CF0013624A /* Release */ = {
			isa = XCBuildConfiguration;
			baseConfigurationReference = 88657B215AAB952A572C7BFE /* Pods-SwiftGen Training.release.xcconfig */;
			buildSettings = {
				ASSETCATALOG_COMPILER_APPICON_NAME = AppIcon;
				ASSETCATALOG_COMPILER_GLOBAL_ACCENT_COLOR_NAME = AccentColor;
				CODE_SIGN_STYLE = Automatic;
				CURRENT_PROJECT_VERSION = 1;
				DEVELOPMENT_TEAM = NDWW33V3F9;
				GENERATE_INFOPLIST_FILE = YES;
				INFOPLIST_FILE = "SwiftGen Training/Info.plist";
				INFOPLIST_KEY_UIApplicationSupportsIndirectInputEvents = YES;
				INFOPLIST_KEY_UILaunchStoryboardName = LaunchScreen;
				INFOPLIST_KEY_UISupportedInterfaceOrientations_iPad = "UIInterfaceOrientationPortrait UIInterfaceOrientationPortraitUpsideDown UIInterfaceOrientationLandscapeLeft UIInterfaceOrientationLandscapeRight";
				INFOPLIST_KEY_UISupportedInterfaceOrientations_iPhone = "UIInterfaceOrientationPortrait UIInterfaceOrientationLandscapeLeft UIInterfaceOrientationLandscapeRight";
				LD_RUNPATH_SEARCH_PATHS = (
					"$(inherited)",
					"@executable_path/Frameworks",
				);
				MARKETING_VERSION = 1.0;
				PRODUCT_BUNDLE_IDENTIFIER = "Tyshkan4ik.SwiftGen-Training";
				PRODUCT_NAME = "$(TARGET_NAME)";
				SWIFT_EMIT_LOC_STRINGS = YES;
				SWIFT_VERSION = 5.0;
				TARGETED_DEVICE_FAMILY = "1,2";
			};
			name = Release;
		};
/* End XCBuildConfiguration section */

/* Begin XCConfigurationList section */
		81E87F9A2AB9E2CE0013624A /* Build configuration list for PBXProject "SwiftGen Training" */ = {
			isa = XCConfigurationList;
			buildConfigurations = (
				81E87FB12AB9E2CF0013624A /* Debug */,
				81E87FB22AB9E2CF0013624A /* Release */,
			);
			defaultConfigurationIsVisible = 0;
			defaultConfigurationName = Release;
		};
		81E87FB32AB9E2CF0013624A /* Build configuration list for PBXNativeTarget "SwiftGen Training" */ = {
			isa = XCConfigurationList;
			buildConfigurations = (
				81E87FB42AB9E2CF0013624A /* Debug */,
				81E87FB52AB9E2CF0013624A /* Release */,
			);
			defaultConfigurationIsVisible = 0;
			defaultConfigurationName = Release;
		};
/* End XCConfigurationList section */
	};
	rootObject = 81E87F972AB9E2CE0013624A /* Project object */;
}
